{
  "lockfileVersion": 1,
  "configVersion": 1,
  "workspaces": {
    "": {
      "name": "opencode-autobe",
      "dependencies": {
        "@opencode-ai/plugin": "^1.3.0",
        "tgrid": "^1.2.1",
      },
      "devDependencies": {
        "@types/node": "^22.0.0",
        "typescript": "^5.8.0",
      },
    },
  },
  "packages": {
    "@opencode-ai/plugin": ["@opencode-ai/plugin@1.3.7", "", { "dependencies": { "@opencode-ai/sdk": "1.3.7", "zod": "4.1.8" }, "peerDependencies": { "@opentui/core": ">=0.1.92", "@opentui/solid": ">=0.1.92" }, "optionalPeers": ["@opentui/core", "@opentui/solid"] }, "sha512-pVBIcYtHiniQ93Gj/KRkhrIz1oIAwGRifb7+dfGWdHRy00gr9DyEHFYmgHcBYgfrBavZrWw2xmqEDJdjdBuC7g=="],

    "@opencode-ai/sdk": ["@opencode-ai/sdk@1.3.7", "", {}, "sha512-ugkta0v0dMZchN15QGmqHb9zf35k+K1VM9wt3x4ZRJ6GxKAs0XlCmQPQJflgV9YSedNxjkgTud0GCCIWUSiUOg=="],

    "@types/node": ["@types/node@22.19.15", "", { "dependencies": { "undici-types": "~6.21.0" } }, "sha512-F0R/h2+dsy5wJAUe3tAU6oqa2qbWY5TpNfL/RGmo1y38hiyO1w3x2jPtt76wmuaJI4DQnOBu21cNXQ2STIUUWg=="],

    "@types/websocket": ["@types/websocket@1.0.10", "", { "dependencies": { "@types/node": "*" } }, "sha512-svjGZvPB7EzuYS94cI7a+qhwgGU1y89wUgjT6E2wVUfmAGIvRfT7obBvRtnhXCSsoMdlG4gBFGE7MfkIXZLoww=="],

    "@types/ws": ["@types/ws@7.4.7", "", { "dependencies": { "@types/node": "*" } }, "sha512-JQbbmxZTZehdc2iszGKs5oC3NFnjeay7mtAWrdt7qNtAVK0g19muApzAy4bm9byz79xa2ZnO/BOBC2R8RC5Lww=="],

    "import2": ["import2@1.0.3", "", {}, "sha512-X7KHNp1fovFaiah9Q+njdxXJKIV9/XippWGZwHL9ZdJYnQPBs+4wLd4PuCigbxz2IWNm5YvFycSjRA/1lgmdGw=="],

    "tgrid": ["tgrid@1.2.1", "", { "dependencies": { "@types/node": "^20.11.30", "@types/websocket": "^1.0.10", "@types/ws": "^7.4.7", "import2": "^1.0.3", "tstl": "3.0.0", "ws": "^7.5.3" } }, "sha512-8E37I7G5RiMlwNmsiA6y/FAiKTEGU1Hg4t0Set0WAcRdMnLugXzjRx9bBduF1YROT/hdcS8BNefSPKNHmwYtYA=="],

    "tstl": ["tstl@3.0.0", "", {}, "sha512-pR83y6/tbJx6jeGRqGJXk2t/eCUynaHEE6zsOLB0Zga8ej61LXtPfoeiROdhezpoCT15+1QMbqKB1Um5kasSKg=="],

    "typescript": ["typescript@5.9.3", "", { "bin": { "tsc": "bin/tsc", "tsserver": "bin/tsserver" } }, "sha512-jl1vZzPDinLr9eUt3J/t7V6FgNEw9QjvBPdysz9KfQDD41fQrC2Y4vKQdiaUpFT4bXlb1RHhLpp8wtm6M5TgSw=="],

    "undici-types": ["undici-types@6.21.0", "", {}, "sha512-iwDZqg0QAGrg9Rav5H4n0M64c3mkR59cJ6wQp+7C4nI0gsmExaedaYLNO44eT4AtBBwjbTiGPMlt2Md0T9H9JQ=="],

    "ws": ["ws@7.5.10", "", { "peerDependencies": { "bufferutil": "^4.0.1", "utf-8-validate": "^5.0.2" }, "optionalPeers": ["bufferutil", "utf-8-validate"] }, "sha512-+dbF1tHwZpXcbOJdVOkzLDxZP1ailvSxM6ZweXTegylPny803bFhA+vqBYw4s31NSAk4S2Qz+AKXK9a4wkdjcQ=="],

    "zod": ["zod@4.1.8", "", {}, "sha512-5R1P+WwQqmmMIEACyzSvo4JXHY5WiAFHRMg+zBZKgKS+Q1viRa0C1hmUKtHltoIFKtIdki3pRxkmpP74jnNYHQ=="],

    "tgrid/@types/node": ["@types/node@20.19.37", "", { "dependencies": { "undici-types": "~6.21.0" } }, "sha512-8kzdPJ3FsNsVIurqBs7oodNnCEVbni9yUEkaHbgptDACOPW04jimGagZ51E6+lXUwJjgnBw+hyko/lkFWCldqw=="],
  }
}
